
Microsoft Visual Studio Solution File, Format Version 12.00
# Visual Studio Version 17
VisualStudioVersion = 17.10.35027.167
MinimumVisualStudioVersion = 10.0.40219.1
Project("{9A19103F-16F7-4668-BE54-9A1E7A4F7556}") = "UdemyEgitimPlatformu", "UdemyEgitimPlatformu.csproj", "{C245CB1D-53B4-4C92-B724-F411B261F0A6}"
EndProject
Global
	GlobalSection(SolutionConfigurationPlatforms) = preSolution
		Debug|Any CPU = Debug|Any CPU
		Release|Any CPU = Release|Any CPU
	EndGlobalSection
	GlobalSection(ProjectConfigurationPlatforms) = postSolution
		{C245CB1D-53B4-4C92-B724-F411B261F0A6}.Debug|Any CPU.ActiveCfg = Debug|Any CPU
		{C245CB1D-53B4-4C92-B724-F411B261F0A6}.Debug|Any CPU.Build.0 = Debug|Any CPU
		{C245CB1D-53B4-4C92-B724-F411B261F0A6}.Release|Any CPU.ActiveCfg = Release|Any CPU
		{C245CB1D-53B4-4C92-B724-F411B261F0A6}.Release|Any CPU.Build.0 = Release|Any CPU
	EndGlobalSection
	GlobalSection(SolutionProperties) = preSolution
		HideSolutionNode = FALSE
	EndGlobalSection
	GlobalSection(ExtensibilityGlobals) = postSolution
		SolutionGuid = {C267D1CB-40C5-4AB5-A66D-133E84185E22}
	EndGlobalSection
EndGlobal
